// !$*UTF8*$!
{
	archiveVersion = 1;
	classes = {
	};
	objectVersion = 46;
	objects = {

/* Begin PBXBuildFile section */
		3747E3B51D1FADAE006A24C3 /* main.m in Sources */ = {isa = PBXBuildFile; fileRef = 3747E3B41D1FADAE006A24C3 /* main.m */; };
		3747E3B81D1FADAE006A24C3 /* AppDelegate.m in Sources */ = {isa = PBXBuildFile; fileRef = 3747E3B71D1FADAE006A24C3 /* AppDelegate.m */; };
		3747E3BB1D1FADAE006A24C3 /* ViewController.m in Sources */ = {isa = PBXBuildFile; fileRef = 3747E3BA1D1FADAE006A24C3 /* ViewController.m */; };
		3747E3BE1D1FADAE006A24C3 /* Main.storyboard in Resources */ = {isa = PBXBuildFile; fileRef = 3747E3BC1D1FADAE006A24C3 /* Main.storyboard */; };
		3747E3C01D1FADAE006A24C3 /* Assets.xcassets in Resources */ = {isa = PBXBuildFile; fileRef = 3747E3BF1D1FADAE006A24C3 /* Assets.xcassets */; };
		3747E3C31D1FADAE006A24C3 /* LaunchScreen.storyboard in Resources */ = {isa = PBXBuildFile; fileRef = 3747E3C11D1FADAE006A24C3 /* LaunchScreen.storyboard */; };
		3747E3CE1D1FADAE006A24C3 /* FLTabBarTests.m in Sources */ = {isa = PBXBuildFile; fileRef = 3747E3CD1D1FADAE006A24C3 /* FLTabBarTests.m */; };
		3747E3D91D1FADAE006A24C3 /* FLTabBarUITests.m in Sources */ = {isa = PBXBuildFile; fileRef = 3747E3D81D1FADAE006A24C3 /* FLTabBarUITests.m */; };
/* End PBXBuildFile section */

/* Begin PBXContainerItemProxy section */
		3747E3CA1D1FADAE006A24C3 /* PBXContainerItemProxy */ = {
			isa = PBXContainerItemProxy;
			containerPortal = 3747E3A81D1FADAE006A24C3 /* Project object */;
			proxyType = 1;
			remoteGlobalIDString = 3747E3AF1D1FADAE006A24C3;
			remoteInfo = FLTabBar;
		};
		3747E3D51D1FADAE006A24C3 /* PBXContainerItemProxy */ = {
			isa = PBXContainerItemProxy;
			containerPortal = 3747E3A81D1FADAE006A24C3 /* Project object */;
			proxyType = 1;
			remoteGlobalIDString = 3747E3AF1D1FADAE006A24C3;
			remoteInfo = FLTabBar;
		};
/* End PBXContainerItemProxy section */

/* Begin PBXFileReference section */
		3747E3B01D1FADAE006A24C3 /* FLTabBar.app */ = {isa = PBXFileReference; explicitFileType = wrapper.application; includeInIndex = 0; path = FLTabBar.app; sourceTree = BUILT_PRODUCTS_DIR; };
		3747E3B41D1FADAE006A24C3 /* main.m */ = {isa = PBXFileReference; lastKnownFileType = sourcecode.c.objc; path = main.m; sourceTree = "<group>"; };
		3747E3B61D1FADAE006A24C3 /* AppDelegate.h */ = {isa = PBXFileReference; lastKnownFileType = sourcecode.c.h; path = AppDelegate.h; sourceTree = "<group>"; };
		3747E3B71D1FADAE006A24C3 /* AppDelegate.m */ = {isa = PBXFileReference; lastKnownFileType = sourcecode.c.objc; path = AppDelegate.m; sourceTree = "<group>"; };
		3747E3B91D1FADAE006A24C3 /* ViewController.h */ = {isa = PBXFileReference; lastKnownFileType = sourcecode.c.h; path = ViewController.h; sourceTree = "<group>"; };
		3747E3BA1D1FADAE006A24C3 /* ViewController.m */ = {isa = PBXFileReference; lastKnownFileType = sourcecode.c.objc; path = ViewController.m; sourceTree = "<group>"; };
		3747E3BD1D1FADAE006A24C3 /* Base */ = {isa = PBXFileReference; lastKnownFileType = file.storyboard; name = Base; path = Base.lproj/Main.storyboard; sourceTree = "<group>"; };
		3747E3BF1D1FADAE006A24C3 /* Assets.xcassets */ = {isa = PBXFileReference; lastKnownFileType = folder.assetcatalog; path = Assets.xcassets; sourceTree = "<group>"; };
		3747E3C21D1FADAE006A24C3 /* Base */ = {isa = PBXFileReference; lastKnownFileType = file.storyboard; name = Base; path = Base.lproj/LaunchScreen.storyboard; sourceTree = "<group>"; };
		3747E3C41D1FADAE006A24C3 /* Info.plist */ = {isa = PBXFileReference; lastKnownFileType = text.plist.xml; path = Info.plist; sourceTree = "<group>"; };
		3747E3C91D1FADAE006A24C3 /* FLTabBarTests.xctest */ = {isa = PBXFileReference; explicitFileType = wrapper.cfbundle; includeInIndex = 0; path = FLTabBarTests.xctest; sourceTree = BUILT_PRODUCTS_DIR; };
		3747E3CD1D1FADAE006A24C3 /* FLTabBarTests.m */ = {isa = PBXFileReference; lastKnownFileType = sourcecode.c.objc; path = FLTabBarTests.m; sourceTree = "<group>"; };
		3747E3CF1D1FADAE006A24C3 /* Info.plist */ = {isa = PBXFileReference; lastKnownFileType = text.plist.xml; path = Info.plist; sourceTree = "<group>"; };
		3747E3D41D1FADAE006A24C3 /* FLTabBarUITests.xctest */ = {isa = PBXFileReference; explicitFileType = wrapper.cfbundle; includeInIndex = 0; path = FLTabBarUITests.xctest; sourceTree = BUILT_PRODUCTS_DIR; };
		3747E3D81D1FADAE006A24C3 /* FLTabBarUITests.m */ = {isa = PBXFileReference; lastKnownFileType = sourcecode.c.objc; path = FLTabBarUITests.m; sourceTree = "<group>"; };
		3747E3DA1D1FADAE006A24C3 /* Info.plist */ = {isa = PBXFileReference; lastKnownFileType = text.plist.xml; path = Info.plist; sourceTree = "<group>"; };
/* End PBXFileReference section */

/* Begin PBXFrameworksBuildPhase section */
		3747E3AD1D1FADAE006A24C3 /* Frameworks */ = {
			isa = PBXFrameworksBuildPhase;
			buildActionMask = 2147483647;
			files = (
			);
			runOnlyForDeploymentPostprocessing = 0;
		};
		3747E3C61D1FADAE006A24C3 /* Frameworks */ = {
			isa = PBXFrameworksBuildPhase;
			buildActionMask = 2147483647;
			files = (
			);
			runOnlyForDeploymentPostprocessing = 0;
		};
		3747E3D11D1FADAE006A24C3 /* Frameworks */ = {
			isa = PBXFrameworksBuildPhase;
			buildActionMask = 2147483647;
			files = (
			);
			runOnlyForDeploymentPostprocessing = 0;
		};
/* End PBXFrameworksBuildPhase section */

/* Begin PBXGroup section */
		3747E3A71D1FADAE006A24C3 = {
			isa = PBXGroup;
			children = (
				3747E3B21D1FADAE006A24C3 /* FLTabBar */,
				3747E3CC1D1FADAE006A24C3 /* FLTabBarTests */,
				3747E3D71D1FADAE006A24C3 /* FLTabBarUITests */,
				3747E3B11D1FADAE006A24C3 /* Products */,
			);
			sourceTree = "<group>";
		};
		3747E3B11D1FADAE006A24C3 /* Products */ = {
			isa = PBXGroup;
			children = (
				3747E3B01D1FADAE006A24C3 /* FLTabBar.app */,
				3747E3C91D1FADAE006A24C3 /* FLTabBarTests.xctest */,
				3747E3D41D1FADAE006A24C3 /* FLTabBarUITests.xctest */,
			);
			name = Products;
			sourceTree = "<group>";
		};
		3747E3B21D1FADAE006A24C3 /* FLTabBar */ = {
			isa = PBXGroup;
			children = (
				3747E3B61D1FADAE006A24C3 /* AppDelegate.h */,
				3747E3B71D1FADAE006A24C3 /* AppDelegate.m */,
				3747E3B91D1FADAE006A24C3 /* ViewController.h */,
				3747E3BA1D1FADAE006A24C3 /* ViewController.m */,
				3747E3BC1D1FADAE006A24C3 /* Main.storyboard */,
				3747E3BF1D1FADAE006A24C3 /* Assets.xcassets */,
				3747E3C11D1FADAE006A24C3 /* LaunchScreen.storyboard */,
				3747E3C41D1FADAE006A24C3 /* Info.plist */,
				3747E3B31D1FADAE006A24C3 /* Supporting Files */,
			);
			path = FLTabBar;
			sourceTree = "<group>";
		};
		3747E3B31D1FADAE006A24C3 /* Supporting Files */ = {
			isa = PBXGroup;
			children = (
				3747E3B41D1FADAE006A24C3 /* main.m */,
			);
			name = "Supporting Files";
			sourceTree = "<group>";
		};
		3747E3CC1D1FADAE006A24C3 /* FLTabBarTests */ = {
			isa = PBXGroup;
			children = (
				3747E3CD1D1FADAE006A24C3 /* FLTabBarTests.m */,
				3747E3CF1D1FADAE006A24C3 /* Info.plist */,
			);
			path = FLTabBarTests;
			sourceTree = "<group>";
		};
		3747E3D71D1FADAE006A24C3 /* FLTabBarUITests */ = {
			isa = PBXGroup;
			children = (
				3747E3D81D1FADAE006A24C3 /* FLTabBarUITests.m */,
				3747E3DA1D1FADAE006A24C3 /* Info.plist */,
			);
			path = FLTabBarUITests;
			sourceTree = "<group>";
		};
/* End PBXGroup section */

/* Begin PBXNativeTarget section */
		3747E3AF1D1FADAE006A24C3 /* FLTabBar */ = {
			isa = PBXNativeTarget;
			buildConfigurationList = 3747E3DD1D1FADAE006A24C3 /* Build configuration list for PBXNativeTarget "FLTabBar" */;
			buildPhases = (
				3747E3AC1D1FADAE006A24C3 /* Sources */,
				3747E3AD1D1FADAE006A24C3 /* Frameworks */,
				3747E3AE1D1FADAE006A24C3 /* Resources */,
			);
			buildRules = (
			);
			dependencies = (
			);
			name = FLTabBar;
			productName = FLTabBar;
			productReference = 3747E3B01D1FADAE006A24C3 /* FLTabBar.app */;
			productType = "com.apple.product-type.application";
		};
		3747E3C81D1FADAE006A24C3 /* FLTabBarTests */ = {
			isa = PBXNativeTarget;
			buildConfigurationList = 3747E3E01D1FADAE006A24C3 /* Build configuration list for PBXNativeTarget "FLTabBarTests" */;
			buildPhases = (
				3747E3C51D1FADAE006A24C3 /* Sources */,
				3747E3C61D1FADAE006A24C3 /* Frameworks */,
				3747E3C71D1FADAE006A24C3 /* Resources */,
			);
			buildRules = (
			);
			dependencies = (
				3747E3CB1D1FADAE006A24C3 /* PBXTargetDependency */,
			);
			name = FLTabBarTests;
			productName = FLTabBarTests;
			productReference = 3747E3C91D1FADAE006A24C3 /* FLTabBarTests.xctest */;
			productType = "com.apple.product-type.bundle.unit-test";
		};
		3747E3D31D1FADAE006A24C3 /* FLTabBarUITests */ = {
			isa = PBXNativeTarget;
			buildConfigurationList = 3747E3E31D1FADAE006A24C3 /* Build configuration list for PBXNativeTarget "FLTabBarUITests" */;
			buildPhases = (
				3747E3D01D1FADAE006A24C3 /* Sources */,
				3747E3D11D1FADAE006A24C3 /* Frameworks */,
				3747E3D21D1FADAE006A24C3 /* Resources */,
			);
			buildRules = (
			);
			dependencies = (
				3747E3D61D1FADAE006A24C3 /* PBXTargetDependency */,
			);
			name = FLTabBarUITests;
			productName = FLTabBarUITests;
			productReference = 3747E3D41D1FADAE006A24C3 /* FLTabBarUITests.xctest */;
			productType = "com.apple.product-type.bundle.ui-testing";
		};
/* End PBXNativeTarget section */

/* Begin PBXProject section */
		3747E3A81D1FADAE006A24C3 /* Project object */ = {
			isa = PBXProject;
			attributes = {
				LastUpgradeCheck = 0730;
				ORGANIZATIONNAME = Felix;
				TargetAttributes = {
					3747E3AF1D1FADAE006A24C3 = {
						CreatedOnToolsVersion = 7.3.1;
					};
					3747E3C81D1FADAE006A24C3 = {
						CreatedOnToolsVersion = 7.3.1;
						TestTargetID = 3747E3AF1D1FADAE006A24C3;
					};
					3747E3D31D1FADAE006A24C3 = {
						CreatedOnToolsVersion = 7.3.1;
						TestTargetID = 3747E3AF1D1FADAE006A24C3;
					};
				};
			};
			buildConfigurationList = 3747E3AB1D1FADAE006A24C3 /* Build configuration list for PBXProject "FLTabBar" */;
			compatibilityVersion = "Xcode 3.2";
			developmentRegion = English;
			hasScannedForEncodings = 0;
			knownRegions = (
				en,
				Base,
			);
			mainGroup = 3747E3A71D1FADAE006A24C3;
			productRefGroup = 3747E3B11D1FADAE006A24C3 /* Products */;
			projectDirPath = "";
			projectRoot = "";
			targets = (
				3747E3AF1D1FADAE006A24C3 /* FLTabBar */,
				3747E3C81D1FADAE006A24C3 /* FLTabBarTests */,
				3747E3D31D1FADAE006A24C3 /* FLTabBarUITests */,
			);
		};
/* End PBXProject section */

/* Begin PBXResourcesBuildPhase section */
		3747E3AE1D1FADAE006A24C3 /* Resources */ = {
			isa = PBXResourcesBuildPhase;
			buildActionMask = 2147483647;
			files = (
				3747E3C31D1FADAE006A24C3 /* LaunchScreen.storyboard in Resources */,
				3747E3C01D1FADAE006A24C3 /* Assets.xcassets in Resources */,
				3747E3BE1D1FADAE006A24C3 /* Main.storyboard in Resources */,
			);
			runOnlyForDeploymentPostprocessing = 0;
		};
		3747E3C71D1FADAE006A24C3 /* Resources */ = {
			isa = PBXResourcesBuildPhase;
			buildActionMask = 2147483647;
			files = (
			);
			runOnlyForDeploymentPostprocessing = 0;
		};
		3747E3D21D1FADAE006A24C3 /* Resources */ = {
			isa = PBXResourcesBuildPhase;
			buildActionMask = 2147483647;
			files = (
			);
			runOnlyForDeploymentPostprocessing = 0;
		};
/* End PBXResourcesBuildPhase section */

/* Begin PBXSourcesBuildPhase section */
		3747E3AC1D1FADAE006A24C3 /* Sources */ = {
			isa = PBXSourcesBuildPhase;
			buildActionMask = 2147483647;
			files = (
				3747E3BB1D1FADAE006A24C3 /* ViewController.m in Sources */,
				3747E3B81D1FADAE006A24C3 /* AppDelegate.m in Sources */,
				3747E3B51D1FADAE006A24C3 /* main.m in Sources */,
			);
			runOnlyForDeploymentPostprocessing = 0;
		};
		3747E3C51D1FADAE006A24C3 /* Sources */ = {
			isa = PBXSourcesBuildPhase;
			buildActionMask = 2147483647;
			files = (
				3747E3CE1D1FADAE006A24C3 /* FLTabBarTests.m in Sources */,
			);
			runOnlyForDeploymentPostprocessing = 0;
		};
		3747E3D01D1FADAE006A24C3 /* Sources */ = {
			isa = PBXSourcesBuildPhase;
			buildActionMask = 2147483647;
			files = (
				3747E3D91D1FADAE006A24C3 /* FLTabBarUITests.m in Sources */,
			);
			runOnlyForDeploymentPostprocessing = 0;
		};
/* End PBXSourcesBuildPhase section */

/* Begin PBXTargetDependency section */
		3747E3CB1D1FADAE006A24C3 /* PBXTargetDependency */ = {
			isa = PBXTargetDependency;
			target = 3747E3AF1D1FADAE006A24C3 /* FLTabBar */;
			targetProxy = 3747E3CA1D1FADAE006A24C3 /* PBXContainerItemProxy */;
		};
		3747E3D61D1FADAE006A24C3 /* PBXTargetDependency */ = {
			isa = PBXTargetDependency;
			target = 3747E3AF1D1FADAE006A24C3 /* FLTabBar */;
			targetProxy = 3747E3D51D1FADAE006A24C3 /* PBXContainerItemProxy */;
		};
/* End PBXTargetDependency section */

/* Begin PBXVariantGroup section */
		3747E3BC1D1FADAE006A24C3 /* Main.storyboard */ = {
			isa = PBXVariantGroup;
			children = (
				3747E3BD1D1FADAE006A24C3 /* Base */,
			);
			name = Main.storyboard;
			sourceTree = "<group>";
		};
		3747E3C11D1FADAE006A24C3 /* LaunchScreen.storyboard */ = {
			isa = PBXVariantGroup;
			children = (
				3747E3C21D1FADAE006A24C3 /* Base */,
			);
			name = LaunchScreen.storyboard;
			sourceTree = "<group>";
		};
/* End PBXVariantGroup section */

/* Begin XCBuildConfiguration section */
		3747E3DB1D1FADAE006A24C3 /* Debug */ = {
			isa = XCBuildConfiguration;
			buildSettings = {
				ALWAYS_SEARCH_USER_PATHS = NO;
				CLANG_ANALYZER_NONNULL = YES;
				CLANG_CXX_LANGUAGE_STANDARD = "gnu++0x";
				CLANG_CXX_LIBRARY = "libc++";
				CLANG_ENABLE_MODULES = YES;
				CLANG_ENABLE_OBJC_ARC = YES;
				CLANG_WARN_BOOL_CONVERSION = YES;
				CLANG_WARN_CONSTANT_CONVERSION = YES;
				CLANG_WARN_DIRECT_OBJC_ISA_USAGE = YES_ERROR;
				CLANG_WARN_EMPTY_BODY = YES;
				CLANG_WARN_ENUM_CONVERSION = YES;
				CLANG_WARN_INT_CONVERSION = YES;
				CLANG_WARN_OBJC_ROOT_CLASS = YES_ERROR;
				CLANG_WARN_UNREACHABLE_CODE = YES;
				CLANG_WARN__DUPLICATE_METHOD_MATCH = YES;
				"CODE_SIGN_IDENTITY[sdk=iphoneos*]" = "iPhone Developer";
				COPY_PHASE_STRIP = NO;
				DEBUG_INFORMATION_FORMAT = dwarf;
				ENABLE_STRICT_OBJC_MSGSEND = YES;
				ENABLE_TESTABILITY = YES;
				GCC_C_LANGUAGE_STANDARD = gnu99;
				GCC_DYNAMIC_NO_PIC = NO;
				GCC_NO_COMMON_BLOCKS = YES;
				GCC_OPTIMIZATION_LEVEL = 0;
				GCC_PREPROCESSOR_DEFINITIONS = (
					"DEBUG=1",
					"$(inherited)",
				);
				GCC_WARN_64_TO_32_BIT_CONVERSION = YES;
				GCC_WARN_ABOUT_RETURN_TYPE = YES_ERROR;
				GCC_WARN_UNDECLARED_SELECTOR = YES;
				GCC_WARN_UNINITIALIZED_AUTOS = YES_AGGRESSIVE;
				GCC_WARN_UNUSED_FUNCTION = YES;
				GCC_WARN_UNUSED_VARIABLE = YES;
				IPHONEOS_DEPLOYMENT_TARGET = 9.3;
				MTL_ENABLE_DEBUG_INFO = YES;
				ONLY_ACTIVE_ARCH = YES;
				SDKROOT = iphoneos;
				TARGETED_DEVICE_FAMILY = "1,2";
			};
			name = Debug;
		};
		3747E3DC1D1FADAE006A24C3 /* Release */ = {
			isa = XCBuildConfiguration;
			buildSettings = {
				ALWAYS_SEARCH_USER_PATHS = NO;
				CLANG_ANALYZER_NONNULL = YES;
				CLANG_CXX_LANGUAGE_STANDARD = "gnu++0x";
				CLANG_CXX_LIBRARY = "libc++";
				CLANG_ENABLE_MODULES = YES;
				CLANG_ENABLE_OBJC_ARC = YES;
				CLANG_WARN_BOOL_CONVERSION = YES;
				CLANG_WARN_CONSTANT_CONVERSION = YES;
				CLANG_WARN_DIRECT_OBJC_ISA_USAGE = YES_ERROR;
				CLANG_WARN_EMPTY_BODY = YES;
				CLANG_WARN_ENUM_CONVERSION = YES;
				CLANG_WARN_INT_CONVERSION = YES;
				CLANG_WARN_OBJC_ROOT_CLASS = YES_ERROR;
				CLANG_WARN_UNREACHABLE_CODE = YES;
				CLANG_WARN__DUPLICATE_METHOD_MATCH = YES;
				"CODE_SIGN_IDENTITY[sdk=iphoneos*]" = "iPhone Developer";
				COPY_PHASE_STRIP = NO;
				DEBUG_INFORMATION_FORMAT = "dwarf-with-dsym";
				ENABLE_NS_ASSERTIONS = NO;
				ENABLE_STRICT_OBJC_MSGSEND = YES;
				GCC_C_LANGUAGE_STANDARD = gnu99;
				GCC_NO_COMMON_BLOCKS = YES;
				GCC_WARN_64_TO_32_BIT_CONVERSION = YES;
				GCC_WARN_ABOUT_RETURN_TYPE = YES_ERROR;
				GCC_WARN_UNDECLARED_SELECTOR = YES;
				GCC_WARN_UNINITIALIZED_AUTOS = YES_AGGRESSIVE;
				GCC_WARN_UNUSED_FUNCTION = YES;
				GCC_WARN_UNUSED_VARIABLE = YES;
				IPHONEOS_DEPLOYMENT_TARGET = 9.3;
				MTL_ENABLE_DEBUG_INFO = NO;
				SDKROOT = iphoneos;
				TARGETED_DEVICE_FAMILY = "1,2";
				VALIDATE_PRODUCT = YES;
			};
			name = Release;
		};
		3747E3DE1D1FADAE006A24C3 /* Debug */ = {
			isa = XCBuildConfiguration;
			buildSettings = {
				ASSETCATALOG_COMPILER_APPICON_NAME = AppIcon;
				INFOPLIST_FILE = FLTabBar/Info.plist;
				LD_RUNPATH_SEARCH_PATHS = "$(inherited) @executable_path/Frameworks";
				PRODUCT_BUNDLE_IDENTIFIER = com.fl.FLTabBar;
				PRODUCT_NAME = "$(TARGET_NAME)";
			};
			name = Debug;
		};
		3747E3DF1D1FADAE006A24C3 /* Release */ = {
			isa = XCBuildConfiguration;
			buildSettings = {
				ASSETCATALOG_COMPILER_APPICON_NAME = AppIcon;
				INFOPLIST_FILE = FLTabBar/Info.plist;
				LD_RUNPATH_SEARCH_PATHS = "$(inherited) @executable_path/Frameworks";
				PRODUCT_BUNDLE_IDENTIFIER = com.fl.FLTabBar;
				PRODUCT_NAME = "$(TARGET_NAME)";
			};
			name = Release;
		};
		3747E3E11D1FADAE006A24C3 /* Debug */ = {
			isa = XCBuildConfiguration;
			buildSettings = {
				BUNDLE_LOADER = "$(TEST_HOST)";
				INFOPLIST_FILE = FLTabBarTests/Info.plist;
				LD_RUNPATH_SEARCH_PATHS = "$(inherited) @executable_path/Frameworks @loader_path/Frameworks";
				PRODUCT_BUNDLE_IDENTIFIER = com.fl.FLTabBarTests;
				PRODUCT_NAME = "$(TARGET_NAME)";
				TEST_HOST = "$(BUILT_PRODUCTS_DIR)/FLTabBar.app/FLTabBar";
			};
			name = Debug;
		};
		3747E3E21D1FADAE006A24C3 /* Release */ = {
			isa = XCBuildConfiguration;
			buildSettings = {
				BUNDLE_LOADER = "$(TEST_HOST)";
				INFOPLIST_FILE = FLTabBarTests/Info.plist;
				LD_RUNPATH_SEARCH_PATHS = "$(inherited) @executable_path/Frameworks @loader_path/Frameworks";
				PRODUCT_BUNDLE_IDENTIFIER = com.fl.FLTabBarTests;
				PRODUCT_NAME = "$(TARGET_NAME)";
				TEST_HOST = "$(BUILT_PRODUCTS_DIR)/FLTabBar.app/FLTabBar";
			};
			name = Release;
		};
		3747E3E41D1FADAE006A24C3 /* Debug */ = {
			isa = XCBuildConfiguration;
			buildSettings = {
				INFOPLIST_FILE = FLTabBarUITests/Info.plist;
				LD_RUNPATH_SEARCH_PATHS = "$(inherited) @executable_path/Frameworks @loader_path/Frameworks";
				PRODUCT_BUNDLE_IDENTIFIER = com.fl.FLTabBarUITests;
				PRODUCT_NAME = "$(TARGET_NAME)";
				TEST_TARGET_NAME = FLTabBar;
			};
			name = Debug;
		};
		3747E3E51D1FADAE006A24C3 /* Release */ = {
			isa = XCBuildConfiguration;
			buildSettings = {
				INFOPLIST_FILE = FLTabBarUITests/Info.plist;
				LD_RUNPATH_SEARCH_PATHS = "$(inherited) @executable_path/Frameworks @loader_path/Frameworks";
				PRODUCT_BUNDLE_IDENTIFIER = com.fl.FLTabBarUITests;
				PRODUCT_NAME = "$(TARGET_NAME)";
				TEST_TARGET_NAME = FLTabBar;
			};
			name = Release;
		};
/* End XCBuildConfiguration section */

/* Begin XCConfigurationList section */
		3747E3AB1D1FADAE006A24C3 /* Build configuration list for PBXProject "FLTabBar" */ = {
			isa = XCConfigurationList;
			buildConfigurations = (
				3747E3DB1D1FADAE006A24C3 /* Debug */,
				3747E3DC1D1FADAE006A24C3 /* Release */,
			);
			defaultConfigurationIsVisible = 0;
			defaultConfigurationName = Release;
		};
		3747E3DD1D1FADAE006A24C3 /* Build configuration list for PBXNativeTarget "FLTabBar" */ = {
			isa = XCConfigurationList;
			buildConfigurations = (
				3747E3DE1D1FADAE006A24C3 /* Debug */,
				3747E3DF1D1FADAE006A24C3 /* Release */,
			);
			defaultConfigurationIsVisible = 0;
		};
		3747E3E01D1FADAE006A24C3 /* Build configuration list for PBXNativeTarget "FLTabBarTests" */ = {
			isa = XCConfigurationList;
			buildConfigurations = (
				3747E3E11D1FADAE006A24C3 /* Debug */,
				3747E3E21D1FADAE006A24C3 /* Release */,
			);
			defaultConfigurationIsVisible = 0;
		};
		3747E3E31D1FADAE006A24C3 /* Build configuration list for PBXNativeTarget "FLTabBarUITests" */ = {
			isa = XCConfigurationList;
			buildConfigurations = (
				3747E3E41D1FADAE006A24C3 /* Debug */,
				3747E3E51D1FADAE006A24C3 /* Release */,
			);
			defaultConfigurationIsVisible = 0;
		};
/* End XCConfigurationList section */
	};
	rootObject = 3747E3A81D1FADAE006A24C3 /* Project object */;
}
